
Microsoft Visual Studio Solution File, Format Version 12.00
# Visual Studio 15
VisualStudioVersion = 15.0.28307.438
MinimumVisualStudioVersion = 10.0.40219.1
Project("{FAE04EC0-301F-11D3-BF4B-00C04F79EFBC}") = "MyApp", "MyApp\MyApp.csproj", "{89F96200-2E33-4C40-9460-240037465515}"
EndProject
Project("{FAE04EC0-301F-11D3-BF4B-00C04F79EFBC}") = "MyTests", "MyTests\MyTests.csproj", "{472E0FEE-5533-4FA5-B354-FC9800B0A7F1}"
EndProject
Project("{2150E333-8FDC-42A3-9474-1A3956D46DE8}") = "GitIgnore", "GitIgnore", "{F3FB49BB-A33F-438B-99F9-F8D783005E1A}"
	ProjectSection(SolutionItems) = preProject
		.gitignore = .gitignore
	EndProjectSection
EndProject
Global
	GlobalSection(SolutionConfigurationPlatforms) = preSolution
		Debug|Any CPU = Debug|Any CPU
		Release|Any CPU = Release|Any CPU
	EndGlobalSection
	GlobalSection(ProjectConfigurationPlatforms) = postSolution
		{89F96200-2E33-4C40-9460-240037465515}.Debug|Any CPU.ActiveCfg = Debug|Any CPU
		{89F96200-2E33-4C40-9460-240037465515}.Debug|Any CPU.Build.0 = Debug|Any CPU
		{89F96200-2E33-4C40-9460-240037465515}.Release|Any CPU.ActiveCfg = Release|Any CPU
		{89F96200-2E33-4C40-9460-240037465515}.Release|Any CPU.Build.0 = Release|Any CPU
		{472E0FEE-5533-4FA5-B354-FC9800B0A7F1}.Debug|Any CPU.ActiveCfg = Debug|Any CPU
		{472E0FEE-5533-4FA5-B354-FC9800B0A7F1}.Debug|Any CPU.Build.0 = Debug|Any CPU
		{472E0FEE-5533-4FA5-B354-FC9800B0A7F1}.Release|Any CPU.ActiveCfg = Release|Any CPU
		{472E0FEE-5533-4FA5-B354-FC9800B0A7F1}.Release|Any CPU.Build.0 = Release|Any CPU
	EndGlobalSection
	GlobalSection(SolutionProperties) = preSolution
		HideSolutionNode = FALSE
	EndGlobalSection
	GlobalSection(ExtensibilityGlobals) = postSolution
		SolutionGuid = {CE0903A5-136F-4C3D-B702-71E99C36B3E0}
	EndGlobalSection
EndGlobal
