
Microsoft Visual Studio Solution File, Format Version 12.00
# Visual Studio 15
VisualStudioVersion = 15.0.28307.438
MinimumVisualStudioVersion = 10.0.40219.1
Project("{FAE04EC0-301F-11D3-BF4B-00C04F79EFBC}") = "SimpleNUnitTests", "SimpleNUnitTests\SimpleNUnitTests.csproj", "{5252D1BB-B924-4DC4-B68C-C21085CBAD55}"
EndProject
Project("{2150E333-8FDC-42A3-9474-1A3956D46DE8}") = "GitIgnore", "GitIgnore", "{EC875E9E-4A0F-4FA2-9B16-7A1092241164}"
	ProjectSection(SolutionItems) = preProject
		.gitignore = .gitignore
	EndProjectSection
EndProject
Project("{FAE04EC0-301F-11D3-BF4B-00C04F79EFBC}") = "TestsInNUnit", "TestsInNUnit\TestsInNUnit.csproj", "{FD0712EF-7EBE-470D-8D9A-FA14FC1B2069}"
EndProject
Global
	GlobalSection(SolutionConfigurationPlatforms) = preSolution
		Debug|Any CPU = Debug|Any CPU
		Release|Any CPU = Release|Any CPU
	EndGlobalSection
	GlobalSection(ProjectConfigurationPlatforms) = postSolution
		{5252D1BB-B924-4DC4-B68C-C21085CBAD55}.Debug|Any CPU.ActiveCfg = Debug|Any CPU
		{5252D1BB-B924-4DC4-B68C-C21085CBAD55}.Debug|Any CPU.Build.0 = Debug|Any CPU
		{5252D1BB-B924-4DC4-B68C-C21085CBAD55}.Release|Any CPU.ActiveCfg = Release|Any CPU
		{5252D1BB-B924-4DC4-B68C-C21085CBAD55}.Release|Any CPU.Build.0 = Release|Any CPU
		{FD0712EF-7EBE-470D-8D9A-FA14FC1B2069}.Debug|Any CPU.ActiveCfg = Debug|Any CPU
		{FD0712EF-7EBE-470D-8D9A-FA14FC1B2069}.Debug|Any CPU.Build.0 = Debug|Any CPU
		{FD0712EF-7EBE-470D-8D9A-FA14FC1B2069}.Release|Any CPU.ActiveCfg = Release|Any CPU
		{FD0712EF-7EBE-470D-8D9A-FA14FC1B2069}.Release|Any CPU.Build.0 = Release|Any CPU
	EndGlobalSection
	GlobalSection(SolutionProperties) = preSolution
		HideSolutionNode = FALSE
	EndGlobalSection
	GlobalSection(ExtensibilityGlobals) = postSolution
		SolutionGuid = {3475EC56-509D-4090-B735-5A3794604BE6}
	EndGlobalSection
EndGlobal
